
Microsoft Visual Studio Solution File, Format Version 12.00
# Visual Studio 14
VisualStudioVersion = 14.0.25123.0
MinimumVisualStudioVersion = 10.0.40219.1
Project("{888888A0-9F3D-457C-B088-3A5042F75D52}") = "PrefabOptimizationServer", "PrefabOptimizationServer\PrefabOptimizationServer.pyproj", "{FC21B4AE-534F-4ABD-A836-561E85EDAE10}"
EndProject
Project("{888888A0-9F3D-457C-B088-3A5042F75D52}") = "PrefabCommon", "..\PrefabCommon\PrefabCommon\PrefabCommon.pyproj", "{EDC9C8D2-71AB-4D0E-B818-D9B68E7B7D4F}"
EndProject
Global
	GlobalSection(SolutionConfigurationPlatforms) = preSolution
		Debug|Any CPU = Debug|Any CPU
		Release|Any CPU = Release|Any CPU
	EndGlobalSection
	GlobalSection(ProjectConfigurationPlatforms) = postSolution
		{FC21B4AE-534F-4ABD-A836-561E85EDAE10}.Debug|Any CPU.ActiveCfg = Debug|Any CPU
		{FC21B4AE-534F-4ABD-A836-561E85EDAE10}.Release|Any CPU.ActiveCfg = Release|Any CPU
		{EDC9C8D2-71AB-4D0E-B818-D9B68E7B7D4F}.Debug|Any CPU.ActiveCfg = Debug|Any CPU
		{EDC9C8D2-71AB-4D0E-B818-D9B68E7B7D4F}.Release|Any CPU.ActiveCfg = Release|Any CPU
	EndGlobalSection
	GlobalSection(SolutionProperties) = preSolution
		HideSolutionNode = FALSE
	EndGlobalSection
EndGlobal
